<?xml version="1.0" encoding="utf-8"?>
<Project ToolsVersion="4.0" xmlns="http://schemas.microsoft.com/developer/msbuild/2003">
  <ItemGroup>
    <ClCompile Include="Window.cpp" />
    <ClCompile Include="Frontend.cpp" />
    <ClCompile Include="Main.cpp" />
    <ClCompile Include="Menu.cpp" />
    <ClCompile Include="stb_image.cpp" />
    <ClCompile Include="Texture.cpp" />
    <ClCompile Include="Play.cpp" />
    <ClCompile Include="Player.cpp" />
    <ClCompile Include="Shader.cpp" />
    <ClCompile Include="DefaultShader.cpp" />
    <ClCompile Include="Render.cpp" />
  </ItemGroup>
  <ItemGroup>
    <ClInclude Include="Window.hpp" />
    <ClInclude Include="MinWin.hpp" />
    <ClInclude Include="Phase.hpp" />
    <ClInclude Include="stb_image.hpp" />
    <ClInclude Include="Texture.hpp" />
    <ClInclude Include="Shader.hpp" />
    <ClInclude Include="DefaultShader.hpp" />
    <ClInclude Include="Frame.hpp" />
    <ClInclude Include="Buffer.hpp" />
    <ClInclude Include="Render.hpp" />
    <ClInclude Include="GLError.hpp" />
  </ItemGroup>
  <ItemGroup>
    <None Include="Default-Vert.glsl" />
    <None Include="Default-Frag.glsl" />
  </ItemGroup>
</Project>